
Microsoft Visual Studio Solution File, Format Version 12.00
# Visual Studio Version 17
VisualStudioVersion = 17.8.34330.188
MinimumVisualStudioVersion = 10.0.40219.1
Project("{FAE04EC0-301F-11D3-BF4B-00C04F79EFBC}") = "blazor-test", "blazor-test\blazor-test\blazor-test.csproj", "{06256E17-A307-4B98-A4C8-65EBCC6FEF0B}"
EndProject
Project("{FAE04EC0-301F-11D3-BF4B-00C04F79EFBC}") = "blazor-test.Client", "blazor-test\blazor-test.Client\blazor-test.Client.csproj", "{6F976F5C-7BF1-4DAE-BE33-4F68848DE178}"
EndProject
Global
	GlobalSection(SolutionConfigurationPlatforms) = preSolution
		Debug|Any CPU = Debug|Any CPU
		Release|Any CPU = Release|Any CPU
	EndGlobalSection
	GlobalSection(ProjectConfigurationPlatforms) = postSolution
		{06256E17-A307-4B98-A4C8-65EBCC6FEF0B}.Debug|Any CPU.ActiveCfg = Debug|Any CPU
		{06256E17-A307-4B98-A4C8-65EBCC6FEF0B}.Debug|Any CPU.Build.0 = Debug|Any CPU
		{06256E17-A307-4B98-A4C8-65EBCC6FEF0B}.Release|Any CPU.ActiveCfg = Release|Any CPU
		{06256E17-A307-4B98-A4C8-65EBCC6FEF0B}.Release|Any CPU.Build.0 = Release|Any CPU
		{6F976F5C-7BF1-4DAE-BE33-4F68848DE178}.Debug|Any CPU.ActiveCfg = Debug|Any CPU
		{6F976F5C-7BF1-4DAE-BE33-4F68848DE178}.Debug|Any CPU.Build.0 = Debug|Any CPU
		{6F976F5C-7BF1-4DAE-BE33-4F68848DE178}.Release|Any CPU.ActiveCfg = Release|Any CPU
		{6F976F5C-7BF1-4DAE-BE33-4F68848DE178}.Release|Any CPU.Build.0 = Release|Any CPU
	EndGlobalSection
	GlobalSection(SolutionProperties) = preSolution
		HideSolutionNode = FALSE
	EndGlobalSection
	GlobalSection(ExtensibilityGlobals) = postSolution
		SolutionGuid = {F8E05D4A-C667-4F46-A5C0-217AE1CD00EA}
	EndGlobalSection
EndGlobal
